
Microsoft Visual Studio Solution File, Format Version 12.00
Project("{FAE04EC0-301F-11D3-BF4B-00C04F79EFBC}") = "Auth3Demo", "Auth3Demo\Auth3Demo.csproj", "{77C3A6FB-FEAF-4742-8FFC-5A8B079F90F1}"
EndProject
Project("{FAE04EC0-301F-11D3-BF4B-00C04F79EFBC}") = "Auth3Demo.Tests", "Auth3Demo.Tests\Auth3Demo.Tests.csproj", "{4AE3CA13-6CB9-4C31-A09A-98B7F985FDC9}"
EndProject
Global
	GlobalSection(SolutionConfigurationPlatforms) = preSolution
		Debug|Any CPU = Debug|Any CPU
		Release|Any CPU = Release|Any CPU
	EndGlobalSection
	GlobalSection(ProjectConfigurationPlatforms) = postSolution
		{77C3A6FB-FEAF-4742-8FFC-5A8B079F90F1}.Debug|Any CPU.ActiveCfg = Debug|Any CPU
		{77C3A6FB-FEAF-4742-8FFC-5A8B079F90F1}.Debug|Any CPU.Build.0 = Debug|Any CPU
		{77C3A6FB-FEAF-4742-8FFC-5A8B079F90F1}.Release|Any CPU.ActiveCfg = Release|Any CPU
		{77C3A6FB-FEAF-4742-8FFC-5A8B079F90F1}.Release|Any CPU.Build.0 = Release|Any CPU
		{4AE3CA13-6CB9-4C31-A09A-98B7F985FDC9}.Debug|Any CPU.ActiveCfg = Debug|Any CPU
		{4AE3CA13-6CB9-4C31-A09A-98B7F985FDC9}.Debug|Any CPU.Build.0 = Debug|Any CPU
		{4AE3CA13-6CB9-4C31-A09A-98B7F985FDC9}.Release|Any CPU.ActiveCfg = Release|Any CPU
		{4AE3CA13-6CB9-4C31-A09A-98B7F985FDC9}.Release|Any CPU.Build.0 = Release|Any CPU
	EndGlobalSection
EndGlobal
