
Microsoft Visual Studio Solution File, Format Version 12.00
Project("{FAE04EC0-301F-11D3-BF4B-00C04F79EFBC}") = "CarterDemo", "CarterDemo\CarterDemo.csproj", "{D7005BD2-F254-499E-B673-0CA9BAF14543}"
EndProject
Project("{FAE04EC0-301F-11D3-BF4B-00C04F79EFBC}") = "CarterDemo.Tests", "CarterDemo.Tests\CarterDemo.Tests.csproj", "{573973AE-0397-4C20-AB0A-AE298696DBE1}"
EndProject
Global
	GlobalSection(SolutionConfigurationPlatforms) = preSolution
		Debug|Any CPU = Debug|Any CPU
		Release|Any CPU = Release|Any CPU
	EndGlobalSection
	GlobalSection(ProjectConfigurationPlatforms) = postSolution
		{D7005BD2-F254-499E-B673-0CA9BAF14543}.Debug|Any CPU.ActiveCfg = Debug|Any CPU
		{D7005BD2-F254-499E-B673-0CA9BAF14543}.Debug|Any CPU.Build.0 = Debug|Any CPU
		{D7005BD2-F254-499E-B673-0CA9BAF14543}.Release|Any CPU.ActiveCfg = Release|Any CPU
		{D7005BD2-F254-499E-B673-0CA9BAF14543}.Release|Any CPU.Build.0 = Release|Any CPU
		{573973AE-0397-4C20-AB0A-AE298696DBE1}.Debug|Any CPU.ActiveCfg = Debug|Any CPU
		{573973AE-0397-4C20-AB0A-AE298696DBE1}.Debug|Any CPU.Build.0 = Debug|Any CPU
		{573973AE-0397-4C20-AB0A-AE298696DBE1}.Release|Any CPU.ActiveCfg = Release|Any CPU
		{573973AE-0397-4C20-AB0A-AE298696DBE1}.Release|Any CPU.Build.0 = Release|Any CPU
	EndGlobalSection
EndGlobal
